
Microsoft Visual Studio Solution File, Format Version 12.00
# Visual Studio 14
VisualStudioVersion = 14.0.23107.0
MinimumVisualStudioVersion = 10.0.40219.1
Project("{FAE04EC0-301F-11D3-BF4B-00C04F79EFBC}") = "Luchini", "Luchini\Luchini.csproj", "{7B642180-2BCD-4CB1-BB75-9F2365CE3CC4}"
EndProject
Project("{FAE04EC0-301F-11D3-BF4B-00C04F79EFBC}") = "Luchini.Tests", "Luchini.Tests\Luchini.Tests.csproj", "{BA497663-526C-4100-80B8-4D6209941C50}"
EndProject
Project("{FAE04EC0-301F-11D3-BF4B-00C04F79EFBC}") = "BO", "BO\BO.csproj", "{2F526A3F-FF93-4938-A774-5E6425C217FD}"
EndProject
Project("{FAE04EC0-301F-11D3-BF4B-00C04F79EFBC}") = "DAL", "DAL\DAL.csproj", "{DE61C4E2-9526-4BC6-846A-E256BDB50BF5}"
EndProject
Project("{8BB2217D-0F2D-49D1-97BC-3654ED321F3B}") = "WebApplication", "WebApplication\WebApplication.xproj", "{C8B63D4B-9D73-4389-8A44-7FF2A40DA108}"
EndProject
Global
	GlobalSection(SolutionConfigurationPlatforms) = preSolution
		Debug|Any CPU = Debug|Any CPU
		Release|Any CPU = Release|Any CPU
	EndGlobalSection
	GlobalSection(ProjectConfigurationPlatforms) = postSolution
		{7B642180-2BCD-4CB1-BB75-9F2365CE3CC4}.Debug|Any CPU.ActiveCfg = Debug|Any CPU
		{7B642180-2BCD-4CB1-BB75-9F2365CE3CC4}.Debug|Any CPU.Build.0 = Debug|Any CPU
		{7B642180-2BCD-4CB1-BB75-9F2365CE3CC4}.Release|Any CPU.ActiveCfg = Release|Any CPU
		{7B642180-2BCD-4CB1-BB75-9F2365CE3CC4}.Release|Any CPU.Build.0 = Release|Any CPU
		{BA497663-526C-4100-80B8-4D6209941C50}.Debug|Any CPU.ActiveCfg = Debug|Any CPU
		{BA497663-526C-4100-80B8-4D6209941C50}.Debug|Any CPU.Build.0 = Debug|Any CPU
		{BA497663-526C-4100-80B8-4D6209941C50}.Release|Any CPU.ActiveCfg = Release|Any CPU
		{BA497663-526C-4100-80B8-4D6209941C50}.Release|Any CPU.Build.0 = Release|Any CPU
		{2F526A3F-FF93-4938-A774-5E6425C217FD}.Debug|Any CPU.ActiveCfg = Debug|Any CPU
		{2F526A3F-FF93-4938-A774-5E6425C217FD}.Debug|Any CPU.Build.0 = Debug|Any CPU
		{2F526A3F-FF93-4938-A774-5E6425C217FD}.Release|Any CPU.ActiveCfg = Release|Any CPU
		{2F526A3F-FF93-4938-A774-5E6425C217FD}.Release|Any CPU.Build.0 = Release|Any CPU
		{DE61C4E2-9526-4BC6-846A-E256BDB50BF5}.Debug|Any CPU.ActiveCfg = Debug|Any CPU
		{DE61C4E2-9526-4BC6-846A-E256BDB50BF5}.Debug|Any CPU.Build.0 = Debug|Any CPU
		{DE61C4E2-9526-4BC6-846A-E256BDB50BF5}.Release|Any CPU.ActiveCfg = Release|Any CPU
		{DE61C4E2-9526-4BC6-846A-E256BDB50BF5}.Release|Any CPU.Build.0 = Release|Any CPU
		{C8B63D4B-9D73-4389-8A44-7FF2A40DA108}.Debug|Any CPU.ActiveCfg = Debug|Any CPU
		{C8B63D4B-9D73-4389-8A44-7FF2A40DA108}.Debug|Any CPU.Build.0 = Debug|Any CPU
		{C8B63D4B-9D73-4389-8A44-7FF2A40DA108}.Release|Any CPU.ActiveCfg = Release|Any CPU
		{C8B63D4B-9D73-4389-8A44-7FF2A40DA108}.Release|Any CPU.Build.0 = Release|Any CPU
	EndGlobalSection
	GlobalSection(SolutionProperties) = preSolution
		HideSolutionNode = FALSE
	EndGlobalSection
EndGlobal
